
Microsoft Visual Studio Solution File, Format Version 12.00
# Visual Studio Version 16
VisualStudioVersion = 16.0.28803.202
MinimumVisualStudioVersion = 10.0.40219.1
Project("{FAE04EC0-301F-11D3-BF4B-00C04F79EFBC}") = "SharedQueue", "SharedQueue\SharedQueue.csproj", "{4F64DB66-75A9-47C9-9A62-1C767F441402}"
EndProject
Project("{FAE04EC0-301F-11D3-BF4B-00C04F79EFBC}") = "UI", "UI\UI.csproj", "{B217F6C7-E317-4ED3-A99F-2BFB489ADA08}"
EndProject
Project("{FAE04EC0-301F-11D3-BF4B-00C04F79EFBC}") = "SecondTaskUI", "SecondTaskUI\SecondTaskUI.csproj", "{53F5EBD4-64DB-491D-BABF-17E40A46FAFC}"
EndProject
Global
	GlobalSection(SolutionConfigurationPlatforms) = preSolution
		Debug|Any CPU = Debug|Any CPU
		Release|Any CPU = Release|Any CPU
	EndGlobalSection
	GlobalSection(ProjectConfigurationPlatforms) = postSolution
		{4F64DB66-75A9-47C9-9A62-1C767F441402}.Debug|Any CPU.ActiveCfg = Debug|Any CPU
		{4F64DB66-75A9-47C9-9A62-1C767F441402}.Debug|Any CPU.Build.0 = Debug|Any CPU
		{4F64DB66-75A9-47C9-9A62-1C767F441402}.Release|Any CPU.ActiveCfg = Release|Any CPU
		{4F64DB66-75A9-47C9-9A62-1C767F441402}.Release|Any CPU.Build.0 = Release|Any CPU
		{B217F6C7-E317-4ED3-A99F-2BFB489ADA08}.Debug|Any CPU.ActiveCfg = Debug|Any CPU
		{B217F6C7-E317-4ED3-A99F-2BFB489ADA08}.Debug|Any CPU.Build.0 = Debug|Any CPU
		{B217F6C7-E317-4ED3-A99F-2BFB489ADA08}.Release|Any CPU.ActiveCfg = Release|Any CPU
		{B217F6C7-E317-4ED3-A99F-2BFB489ADA08}.Release|Any CPU.Build.0 = Release|Any CPU
		{53F5EBD4-64DB-491D-BABF-17E40A46FAFC}.Debug|Any CPU.ActiveCfg = Debug|Any CPU
		{53F5EBD4-64DB-491D-BABF-17E40A46FAFC}.Debug|Any CPU.Build.0 = Debug|Any CPU
		{53F5EBD4-64DB-491D-BABF-17E40A46FAFC}.Release|Any CPU.ActiveCfg = Release|Any CPU
		{53F5EBD4-64DB-491D-BABF-17E40A46FAFC}.Release|Any CPU.Build.0 = Release|Any CPU
	EndGlobalSection
	GlobalSection(SolutionProperties) = preSolution
		HideSolutionNode = FALSE
	EndGlobalSection
	GlobalSection(ExtensibilityGlobals) = postSolution
		SolutionGuid = {B9AD6CB9-DFA9-4710-AA79-27E5540670F6}
	EndGlobalSection
EndGlobal
